
Microsoft Visual Studio Solution File, Format Version 12.00
# Visual Studio 2012
Project("{FAE04EC0-301F-11D3-BF4B-00C04F79EFBC}") = "BraintreeV2Example", "BraintreeV2Example\BraintreeV2Example.csproj", "{6C24E0F7-C837-4F20-A5B8-9C83108DF0D4}"
EndProject
Project("{FAE04EC0-301F-11D3-BF4B-00C04F79EFBC}") = "Braintree.CardForm", "Braintree.CardForm\Braintree.CardForm.csproj", "{1BFA410B-1A87-4E83-B0B9-1A2B5F192663}"
EndProject
Project("{FAE04EC0-301F-11D3-BF4B-00C04F79EFBC}") = "Braintree.Api", "Braintree.Api\Braintree.Api.csproj", "{A0395902-57DF-4D25-AF61-57B29DCB6B84}"
EndProject
Project("{FAE04EC0-301F-11D3-BF4B-00C04F79EFBC}") = "Braintree.DropIn", "Braintree.DropIn\Braintree.DropIn.csproj", "{BD918597-1B79-4EBF-B4A2-3F2BE1F93BE2}"
EndProject
Global
	GlobalSection(SolutionConfigurationPlatforms) = preSolution
		Debug|Any CPU = Debug|Any CPU
		Release|Any CPU = Release|Any CPU
	EndGlobalSection
	GlobalSection(ProjectConfigurationPlatforms) = postSolution
		{1BFA410B-1A87-4E83-B0B9-1A2B5F192663}.Debug|Any CPU.ActiveCfg = Debug|Any CPU
		{1BFA410B-1A87-4E83-B0B9-1A2B5F192663}.Debug|Any CPU.Build.0 = Debug|Any CPU
		{1BFA410B-1A87-4E83-B0B9-1A2B5F192663}.Release|Any CPU.ActiveCfg = Release|Any CPU
		{1BFA410B-1A87-4E83-B0B9-1A2B5F192663}.Release|Any CPU.Build.0 = Release|Any CPU
		{6C24E0F7-C837-4F20-A5B8-9C83108DF0D4}.Debug|Any CPU.ActiveCfg = Debug|Any CPU
		{6C24E0F7-C837-4F20-A5B8-9C83108DF0D4}.Debug|Any CPU.Build.0 = Debug|Any CPU
		{6C24E0F7-C837-4F20-A5B8-9C83108DF0D4}.Release|Any CPU.ActiveCfg = Release|Any CPU
		{6C24E0F7-C837-4F20-A5B8-9C83108DF0D4}.Release|Any CPU.Build.0 = Release|Any CPU
		{A0395902-57DF-4D25-AF61-57B29DCB6B84}.Debug|Any CPU.ActiveCfg = Debug|Any CPU
		{A0395902-57DF-4D25-AF61-57B29DCB6B84}.Debug|Any CPU.Build.0 = Debug|Any CPU
		{A0395902-57DF-4D25-AF61-57B29DCB6B84}.Release|Any CPU.ActiveCfg = Release|Any CPU
		{A0395902-57DF-4D25-AF61-57B29DCB6B84}.Release|Any CPU.Build.0 = Release|Any CPU
		{BD918597-1B79-4EBF-B4A2-3F2BE1F93BE2}.Debug|Any CPU.ActiveCfg = Debug|Any CPU
		{BD918597-1B79-4EBF-B4A2-3F2BE1F93BE2}.Debug|Any CPU.Build.0 = Debug|Any CPU
		{BD918597-1B79-4EBF-B4A2-3F2BE1F93BE2}.Release|Any CPU.ActiveCfg = Release|Any CPU
		{BD918597-1B79-4EBF-B4A2-3F2BE1F93BE2}.Release|Any CPU.Build.0 = Release|Any CPU
	EndGlobalSection
EndGlobal
